
Microsoft Visual Studio Solution File, Format Version 12.00
# Visual Studio 15
VisualStudioVersion = 15.0.28307.106
MinimumVisualStudioVersion = 10.0.40219.1
Project("{FAE04EC0-301F-11D3-BF4B-00C04F79EFBC}") = "PenaltyCalculation", "PenaltyCalculation\PenaltyCalculation.csproj", "{EDDFB58F-3E57-47C8-8F46-7BEC144F4F63}"
EndProject
Global
	GlobalSection(SolutionConfigurationPlatforms) = preSolution
		Debug|Any CPU = Debug|Any CPU
		Release|Any CPU = Release|Any CPU
	EndGlobalSection
	GlobalSection(ProjectConfigurationPlatforms) = postSolution
		{EDDFB58F-3E57-47C8-8F46-7BEC144F4F63}.Debug|Any CPU.ActiveCfg = Debug|Any CPU
		{EDDFB58F-3E57-47C8-8F46-7BEC144F4F63}.Debug|Any CPU.Build.0 = Debug|Any CPU
		{EDDFB58F-3E57-47C8-8F46-7BEC144F4F63}.Release|Any CPU.ActiveCfg = Release|Any CPU
		{EDDFB58F-3E57-47C8-8F46-7BEC144F4F63}.Release|Any CPU.Build.0 = Release|Any CPU
	EndGlobalSection
	GlobalSection(SolutionProperties) = preSolution
		HideSolutionNode = FALSE
	EndGlobalSection
	GlobalSection(ExtensibilityGlobals) = postSolution
		SolutionGuid = {DA9BD681-0F27-46A6-8D24-B95F42FFCE10}
	EndGlobalSection
EndGlobal
